
Microsoft Visual Studio Solution File, Format Version 12.00
# Visual Studio Version 16
VisualStudioVersion = 16.0.31613.86
MinimumVisualStudioVersion = 10.0.40219.1
Project("{FAE04EC0-301F-11D3-BF4B-00C04F79EFBC}") = "k01_Degiskenler", "k01_Degiskenler\k01_Degiskenler.csproj", "{F9CCCDF4-BF0B-41FF-828A-4076AE5A08B6}"
EndProject
Project("{FAE04EC0-301F-11D3-BF4B-00C04F79EFBC}") = "k02_Convert", "k02_Convert\k02_Convert.csproj", "{6FCF50C6-6DF4-48EE-A6E1-603F326F5F04}"
EndProject
Project("{FAE04EC0-301F-11D3-BF4B-00C04F79EFBC}") = "k03_Operatorler", "k03_Operatorler\k03_Operatorler.csproj", "{C605621B-EE13-4860-A33B-D07EB75E9FB5}"
EndProject
Global
	GlobalSection(SolutionConfigurationPlatforms) = preSolution
		Debug|Any CPU = Debug|Any CPU
		Release|Any CPU = Release|Any CPU
	EndGlobalSection
	GlobalSection(ProjectConfigurationPlatforms) = postSolution
		{F9CCCDF4-BF0B-41FF-828A-4076AE5A08B6}.Debug|Any CPU.ActiveCfg = Debug|Any CPU
		{F9CCCDF4-BF0B-41FF-828A-4076AE5A08B6}.Debug|Any CPU.Build.0 = Debug|Any CPU
		{F9CCCDF4-BF0B-41FF-828A-4076AE5A08B6}.Release|Any CPU.ActiveCfg = Release|Any CPU
		{F9CCCDF4-BF0B-41FF-828A-4076AE5A08B6}.Release|Any CPU.Build.0 = Release|Any CPU
		{6FCF50C6-6DF4-48EE-A6E1-603F326F5F04}.Debug|Any CPU.ActiveCfg = Debug|Any CPU
		{6FCF50C6-6DF4-48EE-A6E1-603F326F5F04}.Debug|Any CPU.Build.0 = Debug|Any CPU
		{6FCF50C6-6DF4-48EE-A6E1-603F326F5F04}.Release|Any CPU.ActiveCfg = Release|Any CPU
		{6FCF50C6-6DF4-48EE-A6E1-603F326F5F04}.Release|Any CPU.Build.0 = Release|Any CPU
		{C605621B-EE13-4860-A33B-D07EB75E9FB5}.Debug|Any CPU.ActiveCfg = Debug|Any CPU
		{C605621B-EE13-4860-A33B-D07EB75E9FB5}.Debug|Any CPU.Build.0 = Debug|Any CPU
		{C605621B-EE13-4860-A33B-D07EB75E9FB5}.Release|Any CPU.ActiveCfg = Release|Any CPU
		{C605621B-EE13-4860-A33B-D07EB75E9FB5}.Release|Any CPU.Build.0 = Release|Any CPU
	EndGlobalSection
	GlobalSection(SolutionProperties) = preSolution
		HideSolutionNode = FALSE
	EndGlobalSection
	GlobalSection(ExtensibilityGlobals) = postSolution
		SolutionGuid = {E8986F74-CAA2-481F-A980-C504ED48F3A8}
	EndGlobalSection
EndGlobal
