
Microsoft Visual Studio Solution File, Format Version 12.00
# Visual Studio Version 16
VisualStudioVersion = 16.0.31613.86
MinimumVisualStudioVersion = 10.0.40219.1
Project("{9A19103F-16F7-4668-BE54-9A1E7A4F7556}") = "k01_Degiskenler", "k01_Degiskenler\k01_Degiskenler.csproj", "{F9CCCDF4-BF0B-41FF-828A-4076AE5A08B6}"
EndProject
Project("{9A19103F-16F7-4668-BE54-9A1E7A4F7556}") = "k02_Convert", "k02_Convert\k02_Convert.csproj", "{6FCF50C6-6DF4-48EE-A6E1-603F326F5F04}"
EndProject
Project("{9A19103F-16F7-4668-BE54-9A1E7A4F7556}") = "k03_Operatorler", "k03_Operatorler\k03_Operatorler.csproj", "{C605621B-EE13-4860-A33B-D07EB75E9FB5}"
EndProject
Project("{9A19103F-16F7-4668-BE54-9A1E7A4F7556}") = "k04_YasamDongusu", "k04_YasamDongusu\k04_YasamDongusu.csproj", "{4B5BB59F-9D0F-4DD7-80BB-D875E71D0DA6}"
EndProject
Project("{FAE04EC0-301F-11D3-BF4B-00C04F79EFBC}") = "k05_HataAyiklama", "k05_HataAyiklama\k05_HataAyiklama.csproj", "{56E86DEE-21B2-469A-9B0D-704779ABEA12}"
EndProject
Project("{FAE04EC0-301F-11D3-BF4B-00C04F79EFBC}") = "K06_KararYapilari", "K06_KararYapilari\K06_KararYapilari.csproj", "{73075B0B-FEC3-4C04-95D9-A081D21064A2}"
EndProject
Project("{FAE04EC0-301F-11D3-BF4B-00C04F79EFBC}") = "K07_Donguler", "K07_Donguler\K07_Donguler.csproj", "{2CE71327-89FE-4ED7-922F-4D3D7BDD08B4}"
EndProject
Project("{FAE04EC0-301F-11D3-BF4B-00C04F79EFBC}") = "DongulerDeneme", "DongulerDeneme\DongulerDeneme.csproj", "{83764B73-305D-4849-80D4-49AFE9E427EE}"
EndProject
Global
	GlobalSection(SolutionConfigurationPlatforms) = preSolution
		Debug|Any CPU = Debug|Any CPU
		Release|Any CPU = Release|Any CPU
	EndGlobalSection
	GlobalSection(ProjectConfigurationPlatforms) = postSolution
		{F9CCCDF4-BF0B-41FF-828A-4076AE5A08B6}.Debug|Any CPU.ActiveCfg = Debug|Any CPU
		{F9CCCDF4-BF0B-41FF-828A-4076AE5A08B6}.Debug|Any CPU.Build.0 = Debug|Any CPU
		{F9CCCDF4-BF0B-41FF-828A-4076AE5A08B6}.Release|Any CPU.ActiveCfg = Release|Any CPU
		{F9CCCDF4-BF0B-41FF-828A-4076AE5A08B6}.Release|Any CPU.Build.0 = Release|Any CPU
		{6FCF50C6-6DF4-48EE-A6E1-603F326F5F04}.Debug|Any CPU.ActiveCfg = Debug|Any CPU
		{6FCF50C6-6DF4-48EE-A6E1-603F326F5F04}.Debug|Any CPU.Build.0 = Debug|Any CPU
		{6FCF50C6-6DF4-48EE-A6E1-603F326F5F04}.Release|Any CPU.ActiveCfg = Release|Any CPU
		{6FCF50C6-6DF4-48EE-A6E1-603F326F5F04}.Release|Any CPU.Build.0 = Release|Any CPU
		{C605621B-EE13-4860-A33B-D07EB75E9FB5}.Debug|Any CPU.ActiveCfg = Debug|Any CPU
		{C605621B-EE13-4860-A33B-D07EB75E9FB5}.Debug|Any CPU.Build.0 = Debug|Any CPU
		{C605621B-EE13-4860-A33B-D07EB75E9FB5}.Release|Any CPU.ActiveCfg = Release|Any CPU
		{C605621B-EE13-4860-A33B-D07EB75E9FB5}.Release|Any CPU.Build.0 = Release|Any CPU
		{4B5BB59F-9D0F-4DD7-80BB-D875E71D0DA6}.Debug|Any CPU.ActiveCfg = Debug|Any CPU
		{4B5BB59F-9D0F-4DD7-80BB-D875E71D0DA6}.Debug|Any CPU.Build.0 = Debug|Any CPU
		{4B5BB59F-9D0F-4DD7-80BB-D875E71D0DA6}.Release|Any CPU.ActiveCfg = Release|Any CPU
		{4B5BB59F-9D0F-4DD7-80BB-D875E71D0DA6}.Release|Any CPU.Build.0 = Release|Any CPU
		{56E86DEE-21B2-469A-9B0D-704779ABEA12}.Debug|Any CPU.ActiveCfg = Debug|Any CPU
		{56E86DEE-21B2-469A-9B0D-704779ABEA12}.Debug|Any CPU.Build.0 = Debug|Any CPU
		{56E86DEE-21B2-469A-9B0D-704779ABEA12}.Release|Any CPU.ActiveCfg = Release|Any CPU
		{56E86DEE-21B2-469A-9B0D-704779ABEA12}.Release|Any CPU.Build.0 = Release|Any CPU
		{73075B0B-FEC3-4C04-95D9-A081D21064A2}.Debug|Any CPU.ActiveCfg = Debug|Any CPU
		{73075B0B-FEC3-4C04-95D9-A081D21064A2}.Debug|Any CPU.Build.0 = Debug|Any CPU
		{73075B0B-FEC3-4C04-95D9-A081D21064A2}.Release|Any CPU.ActiveCfg = Release|Any CPU
		{73075B0B-FEC3-4C04-95D9-A081D21064A2}.Release|Any CPU.Build.0 = Release|Any CPU
		{2CE71327-89FE-4ED7-922F-4D3D7BDD08B4}.Debug|Any CPU.ActiveCfg = Debug|Any CPU
		{2CE71327-89FE-4ED7-922F-4D3D7BDD08B4}.Debug|Any CPU.Build.0 = Debug|Any CPU
		{2CE71327-89FE-4ED7-922F-4D3D7BDD08B4}.Release|Any CPU.ActiveCfg = Release|Any CPU
		{2CE71327-89FE-4ED7-922F-4D3D7BDD08B4}.Release|Any CPU.Build.0 = Release|Any CPU
		{83764B73-305D-4849-80D4-49AFE9E427EE}.Debug|Any CPU.ActiveCfg = Debug|Any CPU
		{83764B73-305D-4849-80D4-49AFE9E427EE}.Debug|Any CPU.Build.0 = Debug|Any CPU
		{83764B73-305D-4849-80D4-49AFE9E427EE}.Release|Any CPU.ActiveCfg = Release|Any CPU
		{83764B73-305D-4849-80D4-49AFE9E427EE}.Release|Any CPU.Build.0 = Release|Any CPU
	EndGlobalSection
	GlobalSection(SolutionProperties) = preSolution
		HideSolutionNode = FALSE
	EndGlobalSection
	GlobalSection(ExtensibilityGlobals) = postSolution
		SolutionGuid = {E8986F74-CAA2-481F-A980-C504ED48F3A8}
	EndGlobalSection
EndGlobal
